
Microsoft Visual Studio Solution File, Format Version 12.00
# Visual Studio Version 16
VisualStudioVersion = 16.0.30011.22
MinimumVisualStudioVersion = 10.0.40219.1
Project("{FAE04EC0-301F-11D3-BF4B-00C04F79EFBC}") = "HeadGaming(wpf)", "HeadGaming(wpf)\HeadGaming(wpf).csproj", "{3DAA3304-7096-45F2-B871-8B02CEA37EFD}"
EndProject
Global
	GlobalSection(SolutionConfigurationPlatforms) = preSolution
		Debug|Any CPU = Debug|Any CPU
		Release|Any CPU = Release|Any CPU
	EndGlobalSection
	GlobalSection(ProjectConfigurationPlatforms) = postSolution
		{3DAA3304-7096-45F2-B871-8B02CEA37EFD}.Debug|Any CPU.ActiveCfg = Debug|Any CPU
		{3DAA3304-7096-45F2-B871-8B02CEA37EFD}.Debug|Any CPU.Build.0 = Debug|Any CPU
		{3DAA3304-7096-45F2-B871-8B02CEA37EFD}.Release|Any CPU.ActiveCfg = Release|Any CPU
		{3DAA3304-7096-45F2-B871-8B02CEA37EFD}.Release|Any CPU.Build.0 = Release|Any CPU
	EndGlobalSection
	GlobalSection(SolutionProperties) = preSolution
		HideSolutionNode = FALSE
	EndGlobalSection
	GlobalSection(ExtensibilityGlobals) = postSolution
		SolutionGuid = {5CDE75D3-D817-481F-BF26-3E96C76A0C44}
	EndGlobalSection
EndGlobal
